// !$*UTF8*$!
{
	archiveVersion = 1;
	classes = {
	};
	objectVersion = 46;
	objects = {

/* Begin PBXBuildFile section */
		B1C3521B1B59F4B000DE9C60 /* AppDelegate.swift in Sources */ = {isa = PBXBuildFile; fileRef = B1C3521A1B59F4B000DE9C60 /* AppDelegate.swift */; };
		B1C3521D1B59F4B000DE9C60 /* ViewController.swift in Sources */ = {isa = PBXBuildFile; fileRef = B1C3521C1B59F4B000DE9C60 /* ViewController.swift */; };
		B1C352201B59F4B000DE9C60 /* Main.storyboard in Resources */ = {isa = PBXBuildFile; fileRef = B1C3521E1B59F4B000DE9C60 /* Main.storyboard */; };
		B1C352221B59F4B000DE9C60 /* Images.xcassets in Resources */ = {isa = PBXBuildFile; fileRef = B1C352211B59F4B000DE9C60 /* Images.xcassets */; };
		B1C352251B59F4B000DE9C60 /* LaunchScreen.xib in Resources */ = {isa = PBXBuildFile; fileRef = B1C352231B59F4B000DE9C60 /* LaunchScreen.xib */; };
		B1C352311B59F4B000DE9C60 /* RehnderHTMLTests.swift in Sources */ = {isa = PBXBuildFile; fileRef = B1C352301B59F4B000DE9C60 /* RehnderHTMLTests.swift */; };
/* End PBXBuildFile section */

/* Begin PBXContainerItemProxy section */
		B1C3522B1B59F4B000DE9C60 /* PBXContainerItemProxy */ = {
			isa = PBXContainerItemProxy;
			containerPortal = B1C3520D1B59F4B000DE9C60 /* Project object */;
			proxyType = 1;
			remoteGlobalIDString = B1C352141B59F4B000DE9C60;
			remoteInfo = RehnderHTML;
		};
/* End PBXContainerItemProxy section */

/* Begin PBXFileReference section */
		B1C352151B59F4B000DE9C60 /* RehnderHTML.app */ = {isa = PBXFileReference; explicitFileType = wrapper.application; includeInIndex = 0; path = RehnderHTML.app; sourceTree = BUILT_PRODUCTS_DIR; };
		B1C352191B59F4B000DE9C60 /* Info.plist */ = {isa = PBXFileReference; lastKnownFileType = text.plist.xml; path = Info.plist; sourceTree = "<group>"; };
		B1C3521A1B59F4B000DE9C60 /* AppDelegate.swift */ = {isa = PBXFileReference; lastKnownFileType = sourcecode.swift; path = AppDelegate.swift; sourceTree = "<group>"; };
		B1C3521C1B59F4B000DE9C60 /* ViewController.swift */ = {isa = PBXFileReference; lastKnownFileType = sourcecode.swift; path = ViewController.swift; sourceTree = "<group>"; };
		B1C3521F1B59F4B000DE9C60 /* Base */ = {isa = PBXFileReference; lastKnownFileType = file.storyboard; name = Base; path = Base.lproj/Main.storyboard; sourceTree = "<group>"; };
		B1C352211B59F4B000DE9C60 /* Images.xcassets */ = {isa = PBXFileReference; lastKnownFileType = folder.assetcatalog; path = Images.xcassets; sourceTree = "<group>"; };
		B1C352241B59F4B000DE9C60 /* Base */ = {isa = PBXFileReference; lastKnownFileType = file.xib; name = Base; path = Base.lproj/LaunchScreen.xib; sourceTree = "<group>"; };
		B1C3522A1B59F4B000DE9C60 /* RehnderHTMLTests.xctest */ = {isa = PBXFileReference; explicitFileType = wrapper.cfbundle; includeInIndex = 0; path = RehnderHTMLTests.xctest; sourceTree = BUILT_PRODUCTS_DIR; };
		B1C3522F1B59F4B000DE9C60 /* Info.plist */ = {isa = PBXFileReference; lastKnownFileType = text.plist.xml; path = Info.plist; sourceTree = "<group>"; };
		B1C352301B59F4B000DE9C60 /* RehnderHTMLTests.swift */ = {isa = PBXFileReference; lastKnownFileType = sourcecode.swift; path = RehnderHTMLTests.swift; sourceTree = "<group>"; };
/* End PBXFileReference section */

/* Begin PBXFrameworksBuildPhase section */
		B1C352121B59F4B000DE9C60 /* Frameworks */ = {
			isa = PBXFrameworksBuildPhase;
			buildActionMask = 2147483647;
			files = (
			);
			runOnlyForDeploymentPostprocessing = 0;
		};
		B1C352271B59F4B000DE9C60 /* Frameworks */ = {
			isa = PBXFrameworksBuildPhase;
			buildActionMask = 2147483647;
			files = (
			);
			runOnlyForDeploymentPostprocessing = 0;
		};
/* End PBXFrameworksBuildPhase section */

/* Begin PBXGroup section */
		B1C3520C1B59F4B000DE9C60 = {
			isa = PBXGroup;
			children = (
				B1C352171B59F4B000DE9C60 /* RehnderHTML */,
				B1C3522D1B59F4B000DE9C60 /* RehnderHTMLTests */,
				B1C352161B59F4B000DE9C60 /* Products */,
			);
			sourceTree = "<group>";
		};
		B1C352161B59F4B000DE9C60 /* Products */ = {
			isa = PBXGroup;
			children = (
				B1C352151B59F4B000DE9C60 /* RehnderHTML.app */,
				B1C3522A1B59F4B000DE9C60 /* RehnderHTMLTests.xctest */,
			);
			name = Products;
			sourceTree = "<group>";
		};
		B1C352171B59F4B000DE9C60 /* RehnderHTML */ = {
			isa = PBXGroup;
			children = (
				B1C3521A1B59F4B000DE9C60 /* AppDelegate.swift */,
				B1C3521C1B59F4B000DE9C60 /* ViewController.swift */,
				B1C3521E1B59F4B000DE9C60 /* Main.storyboard */,
				B1C352211B59F4B000DE9C60 /* Images.xcassets */,
				B1C352231B59F4B000DE9C60 /* LaunchScreen.xib */,
				B1C352181B59F4B000DE9C60 /* Supporting Files */,
			);
			path = RehnderHTML;
			sourceTree = "<group>";
		};
		B1C352181B59F4B000DE9C60 /* Supporting Files */ = {
			isa = PBXGroup;
			children = (
				B1C352191B59F4B000DE9C60 /* Info.plist */,
			);
			name = "Supporting Files";
			sourceTree = "<group>";
		};
		B1C3522D1B59F4B000DE9C60 /* RehnderHTMLTests */ = {
			isa = PBXGroup;
			children = (
				B1C352301B59F4B000DE9C60 /* RehnderHTMLTests.swift */,
				B1C3522E1B59F4B000DE9C60 /* Supporting Files */,
			);
			path = RehnderHTMLTests;
			sourceTree = "<group>";
		};
		B1C3522E1B59F4B000DE9C60 /* Supporting Files */ = {
			isa = PBXGroup;
			children = (
				B1C3522F1B59F4B000DE9C60 /* Info.plist */,
			);
			name = "Supporting Files";
			sourceTree = "<group>";
		};
/* End PBXGroup section */

/* Begin PBXNativeTarget section */
		B1C352141B59F4B000DE9C60 /* RehnderHTML */ = {
			isa = PBXNativeTarget;
			buildConfigurationList = B1C352341B59F4B000DE9C60 /* Build configuration list for PBXNativeTarget "RehnderHTML" */;
			buildPhases = (
				B1C352111B59F4B000DE9C60 /* Sources */,
				B1C352121B59F4B000DE9C60 /* Frameworks */,
				B1C352131B59F4B000DE9C60 /* Resources */,
			);
			buildRules = (
			);
			dependencies = (
			);
			name = RehnderHTML;
			productName = RehnderHTML;
			productReference = B1C352151B59F4B000DE9C60 /* RehnderHTML.app */;
			productType = "com.apple.product-type.application";
		};
		B1C352291B59F4B000DE9C60 /* RehnderHTMLTests */ = {
			isa = PBXNativeTarget;
			buildConfigurationList = B1C352371B59F4B000DE9C60 /* Build configuration list for PBXNativeTarget "RehnderHTMLTests" */;
			buildPhases = (
				B1C352261B59F4B000DE9C60 /* Sources */,
				B1C352271B59F4B000DE9C60 /* Frameworks */,
				B1C352281B59F4B000DE9C60 /* Resources */,
			);
			buildRules = (
			);
			dependencies = (
				B1C3522C1B59F4B000DE9C60 /* PBXTargetDependency */,
			);
			name = RehnderHTMLTests;
			productName = RehnderHTMLTests;
			productReference = B1C3522A1B59F4B000DE9C60 /* RehnderHTMLTests.xctest */;
			productType = "com.apple.product-type.bundle.unit-test";
		};
/* End PBXNativeTarget section */

/* Begin PBXProject section */
		B1C3520D1B59F4B000DE9C60 /* Project object */ = {
			isa = PBXProject;
			attributes = {
				LastUpgradeCheck = 0640;
				ORGANIZATIONNAME = "Mohamed El-Alfy";
				TargetAttributes = {
					B1C352141B59F4B000DE9C60 = {
						CreatedOnToolsVersion = 6.4;
					};
					B1C352291B59F4B000DE9C60 = {
						CreatedOnToolsVersion = 6.4;
						TestTargetID = B1C352141B59F4B000DE9C60;
					};
				};
			};
			buildConfigurationList = B1C352101B59F4B000DE9C60 /* Build configuration list for PBXProject "RehnderHTML" */;
			compatibilityVersion = "Xcode 3.2";
			developmentRegion = English;
			hasScannedForEncodings = 0;
			knownRegions = (
				en,
				Base,
			);
			mainGroup = B1C3520C1B59F4B000DE9C60;
			productRefGroup = B1C352161B59F4B000DE9C60 /* Products */;
			projectDirPath = "";
			projectRoot = "";
			targets = (
				B1C352141B59F4B000DE9C60 /* RehnderHTML */,
				B1C352291B59F4B000DE9C60 /* RehnderHTMLTests */,
			);
		};
/* End PBXProject section */

/* Begin PBXResourcesBuildPhase section */
		B1C352131B59F4B000DE9C60 /* Resources */ = {
			isa = PBXResourcesBuildPhase;
			buildActionMask = 2147483647;
			files = (
				B1C352201B59F4B000DE9C60 /* Main.storyboard in Resources */,
				B1C352251B59F4B000DE9C60 /* LaunchScreen.xib in Resources */,
				B1C352221B59F4B000DE9C60 /* Images.xcassets in Resources */,
			);
			runOnlyForDeploymentPostprocessing = 0;
		};
		B1C352281B59F4B000DE9C60 /* Resources */ = {
			isa = PBXResourcesBuildPhase;
			buildActionMask = 2147483647;
			files = (
			);
			runOnlyForDeploymentPostprocessing = 0;
		};
/* End PBXResourcesBuildPhase section */

/* Begin PBXSourcesBuildPhase section */
		B1C352111B59F4B000DE9C60 /* Sources */ = {
			isa = PBXSourcesBuildPhase;
			buildActionMask = 2147483647;
			files = (
				B1C3521D1B59F4B000DE9C60 /* ViewController.swift in Sources */,
				B1C3521B1B59F4B000DE9C60 /* AppDelegate.swift in Sources */,
			);
			runOnlyForDeploymentPostprocessing = 0;
		};
		B1C352261B59F4B000DE9C60 /* Sources */ = {
			isa = PBXSourcesBuildPhase;
			buildActionMask = 2147483647;
			files = (
				B1C352311B59F4B000DE9C60 /* RehnderHTMLTests.swift in Sources */,
			);
			runOnlyForDeploymentPostprocessing = 0;
		};
/* End PBXSourcesBuildPhase section */

/* Begin PBXTargetDependency section */
		B1C3522C1B59F4B000DE9C60 /* PBXTargetDependency */ = {
			isa = PBXTargetDependency;
			target = B1C352141B59F4B000DE9C60 /* RehnderHTML */;
			targetProxy = B1C3522B1B59F4B000DE9C60 /* PBXContainerItemProxy */;
		};
/* End PBXTargetDependency section */

/* Begin PBXVariantGroup section */
		B1C3521E1B59F4B000DE9C60 /* Main.storyboard */ = {
			isa = PBXVariantGroup;
			children = (
				B1C3521F1B59F4B000DE9C60 /* Base */,
			);
			name = Main.storyboard;
			sourceTree = "<group>";
		};
		B1C352231B59F4B000DE9C60 /* LaunchScreen.xib */ = {
			isa = PBXVariantGroup;
			children = (
				B1C352241B59F4B000DE9C60 /* Base */,
			);
			name = LaunchScreen.xib;
			sourceTree = "<group>";
		};
/* End PBXVariantGroup section */

/* Begin XCBuildConfiguration section */
		B1C352321B59F4B000DE9C60 /* Debug */ = {
			isa = XCBuildConfiguration;
			buildSettings = {
				ALWAYS_SEARCH_USER_PATHS = NO;
				CLANG_CXX_LANGUAGE_STANDARD = "gnu++0x";
				CLANG_CXX_LIBRARY = "libc++";
				CLANG_ENABLE_MODULES = YES;
				CLANG_ENABLE_OBJC_ARC = YES;
				CLANG_WARN_BOOL_CONVERSION = YES;
				CLANG_WARN_CONSTANT_CONVERSION = YES;
				CLANG_WARN_DIRECT_OBJC_ISA_USAGE = YES_ERROR;
				CLANG_WARN_EMPTY_BODY = YES;
				CLANG_WARN_ENUM_CONVERSION = YES;
				CLANG_WARN_INT_CONVERSION = YES;
				CLANG_WARN_OBJC_ROOT_CLASS = YES_ERROR;
				CLANG_WARN_UNREACHABLE_CODE = YES;
				CLANG_WARN__DUPLICATE_METHOD_MATCH = YES;
				"CODE_SIGN_IDENTITY[sdk=iphoneos*]" = "iPhone Developer";
				COPY_PHASE_STRIP = NO;
				DEBUG_INFORMATION_FORMAT = "dwarf-with-dsym";
				ENABLE_STRICT_OBJC_MSGSEND = YES;
				GCC_C_LANGUAGE_STANDARD = gnu99;
				GCC_DYNAMIC_NO_PIC = NO;
				GCC_NO_COMMON_BLOCKS = YES;
				GCC_OPTIMIZATION_LEVEL = 0;
				GCC_PREPROCESSOR_DEFINITIONS = (
					"DEBUG=1",
					"$(inherited)",
				);
				GCC_SYMBOLS_PRIVATE_EXTERN = NO;
				GCC_WARN_64_TO_32_BIT_CONVERSION = YES;
				GCC_WARN_ABOUT_RETURN_TYPE = YES_ERROR;
				GCC_WARN_UNDECLARED_SELECTOR = YES;
				GCC_WARN_UNINITIALIZED_AUTOS = YES_AGGRESSIVE;
				GCC_WARN_UNUSED_FUNCTION = YES;
				GCC_WARN_UNUSED_VARIABLE = YES;
				IPHONEOS_DEPLOYMENT_TARGET = 8.4;
				MTL_ENABLE_DEBUG_INFO = YES;
				ONLY_ACTIVE_ARCH = YES;
				SDKROOT = iphoneos;
				SWIFT_OPTIMIZATION_LEVEL = "-Onone";
			};
			name = Debug;
		};
		B1C352331B59F4B000DE9C60 /* Release */ = {
			isa = XCBuildConfiguration;
			buildSettings = {
				ALWAYS_SEARCH_USER_PATHS = NO;
				CLANG_CXX_LANGUAGE_STANDARD = "gnu++0x";
				CLANG_CXX_LIBRARY = "libc++";
				CLANG_ENABLE_MODULES = YES;
				CLANG_ENABLE_OBJC_ARC = YES;
				CLANG_WARN_BOOL_CONVERSION = YES;
				CLANG_WARN_CONSTANT_CONVERSION = YES;
				CLANG_WARN_DIRECT_OBJC_ISA_USAGE = YES_ERROR;
				CLANG_WARN_EMPTY_BODY = YES;
				CLANG_WARN_ENUM_CONVERSION = YES;
				CLANG_WARN_INT_CONVERSION = YES;
				CLANG_WARN_OBJC_ROOT_CLASS = YES_ERROR;
				CLANG_WARN_UNREACHABLE_CODE = YES;
				CLANG_WARN__DUPLICATE_METHOD_MATCH = YES;
				"CODE_SIGN_IDENTITY[sdk=iphoneos*]" = "iPhone Developer";
				COPY_PHASE_STRIP = NO;
				DEBUG_INFORMATION_FORMAT = "dwarf-with-dsym";
				ENABLE_NS_ASSERTIONS = NO;
				ENABLE_STRICT_OBJC_MSGSEND = YES;
				GCC_C_LANGUAGE_STANDARD = gnu99;
				GCC_NO_COMMON_BLOCKS = YES;
				GCC_WARN_64_TO_32_BIT_CONVERSION = YES;
				GCC_WARN_ABOUT_RETURN_TYPE = YES_ERROR;
				GCC_WARN_UNDECLARED_SELECTOR = YES;
				GCC_WARN_UNINITIALIZED_AUTOS = YES_AGGRESSIVE;
				GCC_WARN_UNUSED_FUNCTION = YES;
				GCC_WARN_UNUSED_VARIABLE = YES;
				IPHONEOS_DEPLOYMENT_TARGET = 8.4;
				MTL_ENABLE_DEBUG_INFO = NO;
				SDKROOT = iphoneos;
				VALIDATE_PRODUCT = YES;
			};
			name = Release;
		};
		B1C352351B59F4B000DE9C60 /* Debug */ = {
			isa = XCBuildConfiguration;
			buildSettings = {
				ASSETCATALOG_COMPILER_APPICON_NAME = AppIcon;
				INFOPLIST_FILE = RehnderHTML/Info.plist;
				LD_RUNPATH_SEARCH_PATHS = "$(inherited) @executable_path/Frameworks";
				PRODUCT_NAME = "$(TARGET_NAME)";
			};
			name = Debug;
		};
		B1C352361B59F4B000DE9C60 /* Release */ = {
			isa = XCBuildConfiguration;
			buildSettings = {
				ASSETCATALOG_COMPILER_APPICON_NAME = AppIcon;
				INFOPLIST_FILE = RehnderHTML/Info.plist;
				LD_RUNPATH_SEARCH_PATHS = "$(inherited) @executable_path/Frameworks";
				PRODUCT_NAME = "$(TARGET_NAME)";
			};
			name = Release;
		};
		B1C352381B59F4B000DE9C60 /* Debug */ = {
			isa = XCBuildConfiguration;
			buildSettings = {
				BUNDLE_LOADER = "$(TEST_HOST)";
				FRAMEWORK_SEARCH_PATHS = (
					"$(SDKROOT)/Developer/Library/Frameworks",
					"$(inherited)",
				);
				GCC_PREPROCESSOR_DEFINITIONS = (
					"DEBUG=1",
					"$(inherited)",
				);
				INFOPLIST_FILE = RehnderHTMLTests/Info.plist;
				LD_RUNPATH_SEARCH_PATHS = "$(inherited) @executable_path/Frameworks @loader_path/Frameworks";
				PRODUCT_NAME = "$(TARGET_NAME)";
				TEST_HOST = "$(BUILT_PRODUCTS_DIR)/RehnderHTML.app/RehnderHTML";
			};
			name = Debug;
		};
		B1C352391B59F4B000DE9C60 /* Release */ = {
			isa = XCBuildConfiguration;
			buildSettings = {
				BUNDLE_LOADER = "$(TEST_HOST)";
				FRAMEWORK_SEARCH_PATHS = (
					"$(SDKROOT)/Developer/Library/Frameworks",
					"$(inherited)",
				);
				INFOPLIST_FILE = RehnderHTMLTests/Info.plist;
				LD_RUNPATH_SEARCH_PATHS = "$(inherited) @executable_path/Frameworks @loader_path/Frameworks";
				PRODUCT_NAME = "$(TARGET_NAME)";
				TEST_HOST = "$(BUILT_PRODUCTS_DIR)/RehnderHTML.app/RehnderHTML";
			};
			name = Release;
		};
/* End XCBuildConfiguration section */

/* Begin XCConfigurationList section */
		B1C352101B59F4B000DE9C60 /* Build configuration list for PBXProject "RehnderHTML" */ = {
			isa = XCConfigurationList;
			buildConfigurations = (
				B1C352321B59F4B000DE9C60 /* Debug */,
				B1C352331B59F4B000DE9C60 /* Release */,
			);
			defaultConfigurationIsVisible = 0;
			defaultConfigurationName = Release;
		};
		B1C352341B59F4B000DE9C60 /* Build configuration list for PBXNativeTarget "RehnderHTML" */ = {
			isa = XCConfigurationList;
			buildConfigurations = (
				B1C352351B59F4B000DE9C60 /* Debug */,
				B1C352361B59F4B000DE9C60 /* Release */,
			);
			defaultConfigurationIsVisible = 0;
		};
		B1C352371B59F4B000DE9C60 /* Build configuration list for PBXNativeTarget "RehnderHTMLTests" */ = {
			isa = XCConfigurationList;
			buildConfigurations = (
				B1C352381B59F4B000DE9C60 /* Debug */,
				B1C352391B59F4B000DE9C60 /* Release */,
			);
			defaultConfigurationIsVisible = 0;
		};
/* End XCConfigurationList section */
	};
	rootObject = B1C3520D1B59F4B000DE9C60 /* Project object */;
}
